// !$*UTF8*$!
{
	archiveVersion = 1;
	classes = {
	};
	objectVersion = 52;
	objects = {

/* Begin PBXBuildFile section */
		F53E35622391AA63006B322C /* ViewController.swift in Sources */ = {isa = PBXBuildFile; fileRef = F586E9372391A7BD0014F9B4 /* ViewController.swift */; };
		F586E9362391A7BD0014F9B4 /* AppDelegate.swift in Sources */ = {isa = PBXBuildFile; fileRef = F586E9352391A7BD0014F9B4 /* AppDelegate.swift */; };
		F586E93A2391A7BD0014F9B4 /* Experience.rcproject in Sources */ = {isa = PBXBuildFile; fileRef = F586E9392391A7BD0014F9B4 /* Experience.rcproject */; };
		F586E93D2391A7BD0014F9B4 /* Main.storyboard in Resources */ = {isa = PBXBuildFile; fileRef = F586E93B2391A7BD0014F9B4 /* Main.storyboard */; };
		F586E93F2391A7BE0014F9B4 /* Assets.xcassets in Resources */ = {isa = PBXBuildFile; fileRef = F586E93E2391A7BE0014F9B4 /* Assets.xcassets */; };
		F586E9422391A7BE0014F9B4 /* LaunchScreen.storyboard in Resources */ = {isa = PBXBuildFile; fileRef = F586E9402391A7BE0014F9B4 /* LaunchScreen.storyboard */; };
		F586E94A2391A7EF0014F9B4 /* CustomBox.swift in Sources */ = {isa = PBXBuildFile; fileRef = F586E9492391A7EF0014F9B4 /* CustomBox.swift */; };
		F588DE632391AEBD00A09E65 /* MultipeerHelper in Frameworks */ = {isa = PBXBuildFile; productRef = F588DE622391AEBD00A09E65 /* MultipeerHelper */; };
/* End PBXBuildFile section */

/* Begin PBXFileReference section */
		F586E9322391A7BD0014F9B4 /* MultiPlayerAR.app */ = {isa = PBXFileReference; explicitFileType = wrapper.application; includeInIndex = 0; path = MultiPlayerAR.app; sourceTree = BUILT_PRODUCTS_DIR; };
		F586E9352391A7BD0014F9B4 /* AppDelegate.swift */ = {isa = PBXFileReference; lastKnownFileType = sourcecode.swift; path = AppDelegate.swift; sourceTree = "<group>"; };
		F586E9372391A7BD0014F9B4 /* ViewController.swift */ = {isa = PBXFileReference; lastKnownFileType = sourcecode.swift; path = ViewController.swift; sourceTree = "<group>"; };
		F586E9392391A7BD0014F9B4 /* Experience.rcproject */ = {isa = PBXFileReference; lastKnownFileType = file.rcproject; path = Experience.rcproject; sourceTree = "<group>"; };
		F586E93C2391A7BD0014F9B4 /* Base */ = {isa = PBXFileReference; lastKnownFileType = file.storyboard; name = Base; path = Base.lproj/Main.storyboard; sourceTree = "<group>"; };
		F586E93E2391A7BE0014F9B4 /* Assets.xcassets */ = {isa = PBXFileReference; lastKnownFileType = folder.assetcatalog; path = Assets.xcassets; sourceTree = "<group>"; };
		F586E9412391A7BE0014F9B4 /* Base */ = {isa = PBXFileReference; lastKnownFileType = file.storyboard; name = Base; path = Base.lproj/LaunchScreen.storyboard; sourceTree = "<group>"; };
		F586E9432391A7BE0014F9B4 /* Info.plist */ = {isa = PBXFileReference; lastKnownFileType = text.plist.xml; path = Info.plist; sourceTree = "<group>"; };
		F586E9492391A7EF0014F9B4 /* CustomBox.swift */ = {isa = PBXFileReference; lastKnownFileType = sourcecode.swift; path = CustomBox.swift; sourceTree = "<group>"; };
/* End PBXFileReference section */

/* Begin PBXFrameworksBuildPhase section */
		F586E92F2391A7BD0014F9B4 /* Frameworks */ = {
			isa = PBXFrameworksBuildPhase;
			buildActionMask = 2147483647;
			files = (
				F588DE632391AEBD00A09E65 /* MultipeerHelper in Frameworks */,
			);
			runOnlyForDeploymentPostprocessing = 0;
		};
/* End PBXFrameworksBuildPhase section */

/* Begin PBXGroup section */
		F586E9292391A7BD0014F9B4 = {
			isa = PBXGroup;
			children = (
				F586E9342391A7BD0014F9B4 /* MultiPlayerAR */,
				F586E9332391A7BD0014F9B4 /* Products */,
			);
			sourceTree = "<group>";
		};
		F586E9332391A7BD0014F9B4 /* Products */ = {
			isa = PBXGroup;
			children = (
				F586E9322391A7BD0014F9B4 /* MultiPlayerAR.app */,
			);
			name = Products;
			sourceTree = "<group>";
		};
		F586E9342391A7BD0014F9B4 /* MultiPlayerAR */ = {
			isa = PBXGroup;
			children = (
				F586E9352391A7BD0014F9B4 /* AppDelegate.swift */,
				F586E9372391A7BD0014F9B4 /* ViewController.swift */,
				F586E9492391A7EF0014F9B4 /* CustomBox.swift */,
				F586E9392391A7BD0014F9B4 /* Experience.rcproject */,
				F586E93B2391A7BD0014F9B4 /* Main.storyboard */,
				F586E93E2391A7BE0014F9B4 /* Assets.xcassets */,
				F586E9402391A7BE0014F9B4 /* LaunchScreen.storyboard */,
				F586E9432391A7BE0014F9B4 /* Info.plist */,
			);
			path = MultiPlayerAR;
			sourceTree = "<group>";
		};
/* End PBXGroup section */

/* Begin PBXNativeTarget section */
		F586E9312391A7BD0014F9B4 /* MultiPlayerAR */ = {
			isa = PBXNativeTarget;
			buildConfigurationList = F586E9462391A7BE0014F9B4 /* Build configuration list for PBXNativeTarget "MultiPlayerAR" */;
			buildPhases = (
				F586E92E2391A7BD0014F9B4 /* Sources */,
				F586E92F2391A7BD0014F9B4 /* Frameworks */,
				F586E9302391A7BD0014F9B4 /* Resources */,
			);
			buildRules = (
			);
			dependencies = (
			);
			name = MultiPlayerAR;
			packageProductDependencies = (
				F588DE622391AEBD00A09E65 /* MultipeerHelper */,
			);
			productName = MultiPlayerAR;
			productReference = F586E9322391A7BD0014F9B4 /* MultiPlayerAR.app */;
			productType = "com.apple.product-type.application";
		};
/* End PBXNativeTarget section */

/* Begin PBXProject section */
		F586E92A2391A7BD0014F9B4 /* Project object */ = {
			isa = PBXProject;
			attributes = {
				LastSwiftUpdateCheck = 1100;
				LastUpgradeCheck = 1100;
				ORGANIZATIONNAME = "Mygen Contac";
				TargetAttributes = {
					F586E9312391A7BD0014F9B4 = {
						CreatedOnToolsVersion = 11.0;
					};
				};
			};
			buildConfigurationList = F586E92D2391A7BD0014F9B4 /* Build configuration list for PBXProject "MultiPlayerAR" */;
			compatibilityVersion = "Xcode 9.3";
			developmentRegion = en;
			hasScannedForEncodings = 0;
			knownRegions = (
				en,
				Base,
			);
			mainGroup = F586E9292391A7BD0014F9B4;
			packageReferences = (
				F588DE612391AEBD00A09E65 /* XCRemoteSwiftPackageReference "MultipeerHelper" */,
			);
			productRefGroup = F586E9332391A7BD0014F9B4 /* Products */;
			projectDirPath = "";
			projectRoot = "";
			targets = (
				F586E9312391A7BD0014F9B4 /* MultiPlayerAR */,
			);
		};
/* End PBXProject section */

/* Begin PBXResourcesBuildPhase section */
		F586E9302391A7BD0014F9B4 /* Resources */ = {
			isa = PBXResourcesBuildPhase;
			buildActionMask = 2147483647;
			files = (
				F586E9422391A7BE0014F9B4 /* LaunchScreen.storyboard in Resources */,
				F586E93F2391A7BE0014F9B4 /* Assets.xcassets in Resources */,
				F586E93D2391A7BD0014F9B4 /* Main.storyboard in Resources */,
			);
			runOnlyForDeploymentPostprocessing = 0;
		};
/* End PBXResourcesBuildPhase section */

/* Begin PBXSourcesBuildPhase section */
		F586E92E2391A7BD0014F9B4 /* Sources */ = {
			isa = PBXSourcesBuildPhase;
			buildActionMask = 2147483647;
			files = (
				F586E9362391A7BD0014F9B4 /* AppDelegate.swift in Sources */,
				F586E94A2391A7EF0014F9B4 /* CustomBox.swift in Sources */,
				F53E35622391AA63006B322C /* ViewController.swift in Sources */,
				F586E93A2391A7BD0014F9B4 /* Experience.rcproject in Sources */,
			);
			runOnlyForDeploymentPostprocessing = 0;
		};
/* End PBXSourcesBuildPhase section */

/* Begin PBXVariantGroup section */
		F586E93B2391A7BD0014F9B4 /* Main.storyboard */ = {
			isa = PBXVariantGroup;
			children = (
				F586E93C2391A7BD0014F9B4 /* Base */,
			);
			name = Main.storyboard;
			sourceTree = "<group>";
		};
		F586E9402391A7BE0014F9B4 /* LaunchScreen.storyboard */ = {
			isa = PBXVariantGroup;
			children = (
				F586E9412391A7BE0014F9B4 /* Base */,
			);
			name = LaunchScreen.storyboard;
			sourceTree = "<group>";
		};
/* End PBXVariantGroup section */

/* Begin XCBuildConfiguration section */
		F586E9442391A7BE0014F9B4 /* Debug */ = {
			isa = XCBuildConfiguration;
			buildSettings = {
				ALWAYS_SEARCH_USER_PATHS = NO;
				CLANG_ANALYZER_NONNULL = YES;
				CLANG_ANALYZER_NUMBER_OBJECT_CONVERSION = YES_AGGRESSIVE;
				CLANG_CXX_LANGUAGE_STANDARD = "gnu++14";
				CLANG_CXX_LIBRARY = "libc++";
				CLANG_ENABLE_MODULES = YES;
				CLANG_ENABLE_OBJC_ARC = YES;
				CLANG_ENABLE_OBJC_WEAK = YES;
				CLANG_WARN_BLOCK_CAPTURE_AUTORELEASING = YES;
				CLANG_WARN_BOOL_CONVERSION = YES;
				CLANG_WARN_COMMA = YES;
				CLANG_WARN_CONSTANT_CONVERSION = YES;
				CLANG_WARN_DEPRECATED_OBJC_IMPLEMENTATIONS = YES;
				CLANG_WARN_DIRECT_OBJC_ISA_USAGE = YES_ERROR;
				CLANG_WARN_DOCUMENTATION_COMMENTS = YES;
				CLANG_WARN_EMPTY_BODY = YES;
				CLANG_WARN_ENUM_CONVERSION = YES;
				CLANG_WARN_INFINITE_RECURSION = YES;
				CLANG_WARN_INT_CONVERSION = YES;
				CLANG_WARN_NON_LITERAL_NULL_CONVERSION = YES;
				CLANG_WARN_OBJC_IMPLICIT_RETAIN_SELF = YES;
				CLANG_WARN_OBJC_LITERAL_CONVERSION = YES;
				CLANG_WARN_OBJC_ROOT_CLASS = YES_ERROR;
				CLANG_WARN_RANGE_LOOP_ANALYSIS = YES;
				CLANG_WARN_STRICT_PROTOTYPES = YES;
				CLANG_WARN_SUSPICIOUS_MOVE = YES;
				CLANG_WARN_UNGUARDED_AVAILABILITY = YES_AGGRESSIVE;
				CLANG_WARN_UNREACHABLE_CODE = YES;
				CLANG_WARN__DUPLICATE_METHOD_MATCH = YES;
				COPY_PHASE_STRIP = NO;
				DEBUG_INFORMATION_FORMAT = dwarf;
				ENABLE_STRICT_OBJC_MSGSEND = YES;
				ENABLE_TESTABILITY = YES;
				GCC_C_LANGUAGE_STANDARD = gnu11;
				GCC_DYNAMIC_NO_PIC = NO;
				GCC_NO_COMMON_BLOCKS = YES;
				GCC_OPTIMIZATION_LEVEL = 0;
				GCC_PREPROCESSOR_DEFINITIONS = (
					"DEBUG=1",
					"$(inherited)",
				);
				GCC_WARN_64_TO_32_BIT_CONVERSION = YES;
				GCC_WARN_ABOUT_RETURN_TYPE = YES_ERROR;
				GCC_WARN_UNDECLARED_SELECTOR = YES;
				GCC_WARN_UNINITIALIZED_AUTOS = YES_AGGRESSIVE;
				GCC_WARN_UNUSED_FUNCTION = YES;
				GCC_WARN_UNUSED_VARIABLE = YES;
				IPHONEOS_DEPLOYMENT_TARGET = 13.0;
				MTL_ENABLE_DEBUG_INFO = INCLUDE_SOURCE;
				MTL_FAST_MATH = YES;
				ONLY_ACTIVE_ARCH = YES;
				SDKROOT = iphoneos;
				SWIFT_ACTIVE_COMPILATION_CONDITIONS = DEBUG;
				SWIFT_OPTIMIZATION_LEVEL = "-Onone";
			};
			name = Debug;
		};
		F586E9452391A7BE0014F9B4 /* Release */ = {
			isa = XCBuildConfiguration;
			buildSettings = {
				ALWAYS_SEARCH_USER_PATHS = NO;
				CLANG_ANALYZER_NONNULL = YES;
				CLANG_ANALYZER_NUMBER_OBJECT_CONVERSION = YES_AGGRESSIVE;
				CLANG_CXX_LANGUAGE_STANDARD = "gnu++14";
				CLANG_CXX_LIBRARY = "libc++";
				CLANG_ENABLE_MODULES = YES;
				CLANG_ENABLE_OBJC_ARC = YES;
				CLANG_ENABLE_OBJC_WEAK = YES;
				CLANG_WARN_BLOCK_CAPTURE_AUTORELEASING = YES;
				CLANG_WARN_BOOL_CONVERSION = YES;
				CLANG_WARN_COMMA = YES;
				CLANG_WARN_CONSTANT_CONVERSION = YES;
				CLANG_WARN_DEPRECATED_OBJC_IMPLEMENTATIONS = YES;
				CLANG_WARN_DIRECT_OBJC_ISA_USAGE = YES_ERROR;
				CLANG_WARN_DOCUMENTATION_COMMENTS = YES;
				CLANG_WARN_EMPTY_BODY = YES;
				CLANG_WARN_ENUM_CONVERSION = YES;
				CLANG_WARN_INFINITE_RECURSION = YES;
				CLANG_WARN_INT_CONVERSION = YES;
				CLANG_WARN_NON_LITERAL_NULL_CONVERSION = YES;
				CLANG_WARN_OBJC_IMPLICIT_RETAIN_SELF = YES;
				CLANG_WARN_OBJC_LITERAL_CONVERSION = YES;
				CLANG_WARN_OBJC_ROOT_CLASS = YES_ERROR;
				CLANG_WARN_RANGE_LOOP_ANALYSIS = YES;
				CLANG_WARN_STRICT_PROTOTYPES = YES;
				CLANG_WARN_SUSPICIOUS_MOVE = YES;
				CLANG_WARN_UNGUARDED_AVAILABILITY = YES_AGGRESSIVE;
				CLANG_WARN_UNREACHABLE_CODE = YES;
				CLANG_WARN__DUPLICATE_METHOD_MATCH = YES;
				COPY_PHASE_STRIP = NO;
				DEBUG_INFORMATION_FORMAT = "dwarf-with-dsym";
				ENABLE_NS_ASSERTIONS = NO;
				ENABLE_STRICT_OBJC_MSGSEND = YES;
				GCC_C_LANGUAGE_STANDARD = gnu11;
				GCC_NO_COMMON_BLOCKS = YES;
				GCC_WARN_64_TO_32_BIT_CONVERSION = YES;
				GCC_WARN_ABOUT_RETURN_TYPE = YES_ERROR;
				GCC_WARN_UNDECLARED_SELECTOR = YES;
				GCC_WARN_UNINITIALIZED_AUTOS = YES_AGGRESSIVE;
				GCC_WARN_UNUSED_FUNCTION = YES;
				GCC_WARN_UNUSED_VARIABLE = YES;
				IPHONEOS_DEPLOYMENT_TARGET = 13.0;
				MTL_ENABLE_DEBUG_INFO = NO;
				MTL_FAST_MATH = YES;
				SDKROOT = iphoneos;
				SWIFT_COMPILATION_MODE = wholemodule;
				SWIFT_OPTIMIZATION_LEVEL = "-O";
				VALIDATE_PRODUCT = YES;
			};
			name = Release;
		};
		F586E9472391A7BE0014F9B4 /* Debug */ = {
			isa = XCBuildConfiguration;
			buildSettings = {
				ASSETCATALOG_COMPILER_APPICON_NAME = AppIcon;
				CODE_SIGN_STYLE = Automatic;
				DEVELOPMENT_TEAM = F22LG49UNN;
				INFOPLIST_FILE = MultiPlayerAR/Info.plist;
				LD_RUNPATH_SEARCH_PATHS = (
					"$(inherited)",
					"@executable_path/Frameworks",
				);
				PRODUCT_BUNDLE_IDENTIFIER = com.MygenContac.RealityKit;
				PRODUCT_NAME = "$(TARGET_NAME)";
				SWIFT_VERSION = 5.0;
				TARGETED_DEVICE_FAMILY = "1,2";
			};
			name = Debug;
		};
		F586E9482391A7BE0014F9B4 /* Release */ = {
			isa = XCBuildConfiguration;
			buildSettings = {
				ASSETCATALOG_COMPILER_APPICON_NAME = AppIcon;
				CODE_SIGN_STYLE = Automatic;
				DEVELOPMENT_TEAM = F22LG49UNN;
				INFOPLIST_FILE = MultiPlayerAR/Info.plist;
				LD_RUNPATH_SEARCH_PATHS = (
					"$(inherited)",
					"@executable_path/Frameworks",
				);
				PRODUCT_BUNDLE_IDENTIFIER = com.MygenContac.RealityKit;
				PRODUCT_NAME = "$(TARGET_NAME)";
				SWIFT_VERSION = 5.0;
				TARGETED_DEVICE_FAMILY = "1,2";
			};
			name = Release;
		};
/* End XCBuildConfiguration section */

/* Begin XCConfigurationList section */
		F586E92D2391A7BD0014F9B4 /* Build configuration list for PBXProject "MultiPlayerAR" */ = {
			isa = XCConfigurationList;
			buildConfigurations = (
				F586E9442391A7BE0014F9B4 /* Debug */,
				F586E9452391A7BE0014F9B4 /* Release */,
			);
			defaultConfigurationIsVisible = 0;
			defaultConfigurationName = Release;
		};
		F586E9462391A7BE0014F9B4 /* Build configuration list for PBXNativeTarget "MultiPlayerAR" */ = {
			isa = XCConfigurationList;
			buildConfigurations = (
				F586E9472391A7BE0014F9B4 /* Debug */,
				F586E9482391A7BE0014F9B4 /* Release */,
			);
			defaultConfigurationIsVisible = 0;
			defaultConfigurationName = Release;
		};
/* End XCConfigurationList section */

/* Begin XCRemoteSwiftPackageReference section */
		F588DE612391AEBD00A09E65 /* XCRemoteSwiftPackageReference "MultipeerHelper" */ = {
			isa = XCRemoteSwiftPackageReference;
			repositoryURL = "https://github.com/maxxfrazer/MultipeerHelper.git";
			requirement = {
				kind = upToNextMajorVersion;
				minimumVersion = 1.1.0;
			};
		};
/* End XCRemoteSwiftPackageReference section */

/* Begin XCSwiftPackageProductDependency section */
		F588DE622391AEBD00A09E65 /* MultipeerHelper */ = {
			isa = XCSwiftPackageProductDependency;
			package = F588DE612391AEBD00A09E65 /* XCRemoteSwiftPackageReference "MultipeerHelper" */;
			productName = MultipeerHelper;
		};
/* End XCSwiftPackageProductDependency section */
	};
	rootObject = F586E92A2391A7BD0014F9B4 /* Project object */;
}
